// !$*UTF8*$!
{
	archiveVersion = 1;
	classes = {
	};
	objectVersion = 46;
	objects = {

/* Begin PBXBuildFile section */
		035DFEA21E8B2CB2005F12B8 /* AxesDrawer.swift in Sources */ = {isa = PBXBuildFile; fileRef = 035DFEA11E8B2CB2005F12B8 /* AxesDrawer.swift */; };
		035DFEA81E8B6CFE005F12B8 /* GraphViewController.swift in Sources */ = {isa = PBXBuildFile; fileRef = 035DFEA71E8B6CFE005F12B8 /* GraphViewController.swift */; };
		035DFEAA1E8B6D29005F12B8 /* GraphView.swift in Sources */ = {isa = PBXBuildFile; fileRef = 035DFEA91E8B6D29005F12B8 /* GraphView.swift */; };
		03DECE8D1E7B865100C6A92A /* AppDelegate.swift in Sources */ = {isa = PBXBuildFile; fileRef = 03DECE8C1E7B865100C6A92A /* AppDelegate.swift */; };
		03DECE8F1E7B865100C6A92A /* CalculatorViewController.swift in Sources */ = {isa = PBXBuildFile; fileRef = 03DECE8E1E7B865100C6A92A /* CalculatorViewController.swift */; };
		03DECE921E7B865100C6A92A /* Main.storyboard in Resources */ = {isa = PBXBuildFile; fileRef = 03DECE901E7B865100C6A92A /* Main.storyboard */; };
		03DECE941E7B865100C6A92A /* Assets.xcassets in Resources */ = {isa = PBXBuildFile; fileRef = 03DECE931E7B865100C6A92A /* Assets.xcassets */; };
		03DECE971E7B865100C6A92A /* LaunchScreen.storyboard in Resources */ = {isa = PBXBuildFile; fileRef = 03DECE951E7B865100C6A92A /* LaunchScreen.storyboard */; };
		03DECEA01E7BBCE700C6A92A /* CalculatorBrain.swift in Sources */ = {isa = PBXBuildFile; fileRef = 03DECE9F1E7BBCE700C6A92A /* CalculatorBrain.swift */; };
/* End PBXBuildFile section */

/* Begin PBXFileReference section */
		035DFEA11E8B2CB2005F12B8 /* AxesDrawer.swift */ = {isa = PBXFileReference; fileEncoding = 4; lastKnownFileType = sourcecode.swift; path = AxesDrawer.swift; sourceTree = "<group>"; };
		035DFEA71E8B6CFE005F12B8 /* GraphViewController.swift */ = {isa = PBXFileReference; fileEncoding = 4; lastKnownFileType = sourcecode.swift; path = GraphViewController.swift; sourceTree = "<group>"; };
		035DFEA91E8B6D29005F12B8 /* GraphView.swift */ = {isa = PBXFileReference; fileEncoding = 4; lastKnownFileType = sourcecode.swift; path = GraphView.swift; sourceTree = "<group>"; };
		03DECE891E7B865100C6A92A /* Calculator.app */ = {isa = PBXFileReference; explicitFileType = wrapper.application; includeInIndex = 0; path = Calculator.app; sourceTree = BUILT_PRODUCTS_DIR; };
		03DECE8C1E7B865100C6A92A /* AppDelegate.swift */ = {isa = PBXFileReference; lastKnownFileType = sourcecode.swift; path = AppDelegate.swift; sourceTree = "<group>"; };
		03DECE8E1E7B865100C6A92A /* CalculatorViewController.swift */ = {isa = PBXFileReference; lastKnownFileType = sourcecode.swift; path = CalculatorViewController.swift; sourceTree = "<group>"; };
		03DECE911E7B865100C6A92A /* Base */ = {isa = PBXFileReference; lastKnownFileType = file.storyboard; name = Base; path = Base.lproj/Main.storyboard; sourceTree = "<group>"; };
		03DECE931E7B865100C6A92A /* Assets.xcassets */ = {isa = PBXFileReference; lastKnownFileType = folder.assetcatalog; path = Assets.xcassets; sourceTree = "<group>"; };
		03DECE961E7B865100C6A92A /* Base */ = {isa = PBXFileReference; lastKnownFileType = file.storyboard; name = Base; path = Base.lproj/LaunchScreen.storyboard; sourceTree = "<group>"; };
		03DECE981E7B865100C6A92A /* Info.plist */ = {isa = PBXFileReference; lastKnownFileType = text.plist.xml; path = Info.plist; sourceTree = "<group>"; };
		03DECE9F1E7BBCE700C6A92A /* CalculatorBrain.swift */ = {isa = PBXFileReference; fileEncoding = 4; lastKnownFileType = sourcecode.swift; path = CalculatorBrain.swift; sourceTree = "<group>"; };
/* End PBXFileReference section */

/* Begin PBXFrameworksBuildPhase section */
		03DECE861E7B865100C6A92A /* Frameworks */ = {
			isa = PBXFrameworksBuildPhase;
			buildActionMask = 2147483647;
			files = (
			);
			runOnlyForDeploymentPostprocessing = 0;
		};
/* End PBXFrameworksBuildPhase section */

/* Begin PBXGroup section */
		03DECE801E7B865100C6A92A = {
			isa = PBXGroup;
			children = (
				03DECE8B1E7B865100C6A92A /* Calculator */,
				03DECE8A1E7B865100C6A92A /* Products */,
			);
			sourceTree = "<group>";
		};
		03DECE8A1E7B865100C6A92A /* Products */ = {
			isa = PBXGroup;
			children = (
				03DECE891E7B865100C6A92A /* Calculator.app */,
			);
			name = Products;
			sourceTree = "<group>";
		};
		03DECE8B1E7B865100C6A92A /* Calculator */ = {
			isa = PBXGroup;
			children = (
				03DECE8E1E7B865100C6A92A /* CalculatorViewController.swift */,
				03DECE9F1E7BBCE700C6A92A /* CalculatorBrain.swift */,
				035DFEA71E8B6CFE005F12B8 /* GraphViewController.swift */,
				035DFEA91E8B6D29005F12B8 /* GraphView.swift */,
				035DFEA11E8B2CB2005F12B8 /* AxesDrawer.swift */,
				03DECE901E7B865100C6A92A /* Main.storyboard */,
				03DECE9E1E7B8BBE00C6A92A /* Support Files */,
			);
			path = Calculator;
			sourceTree = "<group>";
		};
		03DECE9E1E7B8BBE00C6A92A /* Support Files */ = {
			isa = PBXGroup;
			children = (
				03DECE8C1E7B865100C6A92A /* AppDelegate.swift */,
				03DECE931E7B865100C6A92A /* Assets.xcassets */,
				03DECE951E7B865100C6A92A /* LaunchScreen.storyboard */,
				03DECE981E7B865100C6A92A /* Info.plist */,
			);
			name = "Support Files";
			sourceTree = "<group>";
		};
/* End PBXGroup section */

/* Begin PBXNativeTarget section */
		03DECE881E7B865100C6A92A /* Calculator */ = {
			isa = PBXNativeTarget;
			buildConfigurationList = 03DECE9B1E7B865100C6A92A /* Build configuration list for PBXNativeTarget "Calculator" */;
			buildPhases = (
				03DECE851E7B865100C6A92A /* Sources */,
				03DECE861E7B865100C6A92A /* Frameworks */,
				03DECE871E7B865100C6A92A /* Resources */,
			);
			buildRules = (
			);
			dependencies = (
			);
			name = Calculator;
			productName = Calculator;
			productReference = 03DECE891E7B865100C6A92A /* Calculator.app */;
			productType = "com.apple.product-type.application";
		};
/* End PBXNativeTarget section */

/* Begin PBXProject section */
		03DECE811E7B865100C6A92A /* Project object */ = {
			isa = PBXProject;
			attributes = {
				LastSwiftUpdateCheck = 0820;
				LastUpgradeCheck = 0820;
				ORGANIZATIONNAME = "Inam Ahmad-zada";
				TargetAttributes = {
					03DECE881E7B865100C6A92A = {
						CreatedOnToolsVersion = 8.2.1;
						DevelopmentTeam = 7RQ63Y5MYM;
						ProvisioningStyle = Automatic;
					};
				};
			};
			buildConfigurationList = 03DECE841E7B865100C6A92A /* Build configuration list for PBXProject "Calculator" */;
			compatibilityVersion = "Xcode 3.2";
			developmentRegion = English;
			hasScannedForEncodings = 0;
			knownRegions = (
				en,
				Base,
			);
			mainGroup = 03DECE801E7B865100C6A92A;
			productRefGroup = 03DECE8A1E7B865100C6A92A /* Products */;
			projectDirPath = "";
			projectRoot = "";
			targets = (
				03DECE881E7B865100C6A92A /* Calculator */,
			);
		};
/* End PBXProject section */

/* Begin PBXResourcesBuildPhase section */
		03DECE871E7B865100C6A92A /* Resources */ = {
			isa = PBXResourcesBuildPhase;
			buildActionMask = 2147483647;
			files = (
				03DECE971E7B865100C6A92A /* LaunchScreen.storyboard in Resources */,
				03DECE941E7B865100C6A92A /* Assets.xcassets in Resources */,
				03DECE921E7B865100C6A92A /* Main.storyboard in Resources */,
			);
			runOnlyForDeploymentPostprocessing = 0;
		};
/* End PBXResourcesBuildPhase section */

/* Begin PBXSourcesBuildPhase section */
		03DECE851E7B865100C6A92A /* Sources */ = {
			isa = PBXSourcesBuildPhase;
			buildActionMask = 2147483647;
			files = (
				03DECEA01E7BBCE700C6A92A /* CalculatorBrain.swift in Sources */,
				035DFEA21E8B2CB2005F12B8 /* AxesDrawer.swift in Sources */,
				03DECE8F1E7B865100C6A92A /* CalculatorViewController.swift in Sources */,
				035DFEA81E8B6CFE005F12B8 /* GraphViewController.swift in Sources */,
				03DECE8D1E7B865100C6A92A /* AppDelegate.swift in Sources */,
				035DFEAA1E8B6D29005F12B8 /* GraphView.swift in Sources */,
			);
			runOnlyForDeploymentPostprocessing = 0;
		};
/* End PBXSourcesBuildPhase section */

/* Begin PBXVariantGroup section */
		03DECE901E7B865100C6A92A /* Main.storyboard */ = {
			isa = PBXVariantGroup;
			children = (
				03DECE911E7B865100C6A92A /* Base */,
			);
			name = Main.storyboard;
			sourceTree = "<group>";
		};
		03DECE951E7B865100C6A92A /* LaunchScreen.storyboard */ = {
			isa = PBXVariantGroup;
			children = (
				03DECE961E7B865100C6A92A /* Base */,
			);
			name = LaunchScreen.storyboard;
			sourceTree = "<group>";
		};
/* End PBXVariantGroup section */

/* Begin XCBuildConfiguration section */
		03DECE991E7B865100C6A92A /* Debug */ = {
			isa = XCBuildConfiguration;
			buildSettings = {
				ALWAYS_SEARCH_USER_PATHS = NO;
				CLANG_ANALYZER_NONNULL = YES;
				CLANG_CXX_LANGUAGE_STANDARD = "gnu++0x";
				CLANG_CXX_LIBRARY = "libc++";
				CLANG_ENABLE_MODULES = YES;
				CLANG_ENABLE_OBJC_ARC = YES;
				CLANG_WARN_BOOL_CONVERSION = YES;
				CLANG_WARN_CONSTANT_CONVERSION = YES;
				CLANG_WARN_DIRECT_OBJC_ISA_USAGE = YES_ERROR;
				CLANG_WARN_DOCUMENTATION_COMMENTS = YES;
				CLANG_WARN_EMPTY_BODY = YES;
				CLANG_WARN_ENUM_CONVERSION = YES;
				CLANG_WARN_INFINITE_RECURSION = YES;
				CLANG_WARN_INT_CONVERSION = YES;
				CLANG_WARN_OBJC_ROOT_CLASS = YES_ERROR;
				CLANG_WARN_SUSPICIOUS_MOVE = YES;
				CLANG_WARN_UNREACHABLE_CODE = YES;
				CLANG_WARN__DUPLICATE_METHOD_MATCH = YES;
				"CODE_SIGN_IDENTITY[sdk=iphoneos*]" = "iPhone Developer";
				COPY_PHASE_STRIP = NO;
				DEBUG_INFORMATION_FORMAT = dwarf;
				ENABLE_STRICT_OBJC_MSGSEND = YES;
				ENABLE_TESTABILITY = YES;
				GCC_C_LANGUAGE_STANDARD = gnu99;
				GCC_DYNAMIC_NO_PIC = NO;
				GCC_NO_COMMON_BLOCKS = YES;
				GCC_OPTIMIZATION_LEVEL = 0;
				GCC_PREPROCESSOR_DEFINITIONS = (
					"DEBUG=1",
					"$(inherited)",
				);
				GCC_WARN_64_TO_32_BIT_CONVERSION = YES;
				GCC_WARN_ABOUT_RETURN_TYPE = YES_ERROR;
				GCC_WARN_UNDECLARED_SELECTOR = YES;
				GCC_WARN_UNINITIALIZED_AUTOS = YES_AGGRESSIVE;
				GCC_WARN_UNUSED_FUNCTION = YES;
				GCC_WARN_UNUSED_VARIABLE = YES;
				IPHONEOS_DEPLOYMENT_TARGET = 10.2;
				MTL_ENABLE_DEBUG_INFO = YES;
				ONLY_ACTIVE_ARCH = YES;
				SDKROOT = iphoneos;
				SWIFT_ACTIVE_COMPILATION_CONDITIONS = DEBUG;
				SWIFT_OPTIMIZATION_LEVEL = "-Onone";
				TARGETED_DEVICE_FAMILY = "1,2";
			};
			name = Debug;
		};
		03DECE9A1E7B865100C6A92A /* Release */ = {
			isa = XCBuildConfiguration;
			buildSettings = {
				ALWAYS_SEARCH_USER_PATHS = NO;
				CLANG_ANALYZER_NONNULL = YES;
				CLANG_CXX_LANGUAGE_STANDARD = "gnu++0x";
				CLANG_CXX_LIBRARY = "libc++";
				CLANG_ENABLE_MODULES = YES;
				CLANG_ENABLE_OBJC_ARC = YES;
				CLANG_WARN_BOOL_CONVERSION = YES;
				CLANG_WARN_CONSTANT_CONVERSION = YES;
				CLANG_WARN_DIRECT_OBJC_ISA_USAGE = YES_ERROR;
				CLANG_WARN_DOCUMENTATION_COMMENTS = YES;
				CLANG_WARN_EMPTY_BODY = YES;
				CLANG_WARN_ENUM_CONVERSION = YES;
				CLANG_WARN_INFINITE_RECURSION = YES;
				CLANG_WARN_INT_CONVERSION = YES;
				CLANG_WARN_OBJC_ROOT_CLASS = YES_ERROR;
				CLANG_WARN_SUSPICIOUS_MOVE = YES;
				CLANG_WARN_UNREACHABLE_CODE = YES;
				CLANG_WARN__DUPLICATE_METHOD_MATCH = YES;
				"CODE_SIGN_IDENTITY[sdk=iphoneos*]" = "iPhone Developer";
				COPY_PHASE_STRIP = NO;
				DEBUG_INFORMATION_FORMAT = "dwarf-with-dsym";
				ENABLE_NS_ASSERTIONS = NO;
				ENABLE_STRICT_OBJC_MSGSEND = YES;
				GCC_C_LANGUAGE_STANDARD = gnu99;
				GCC_NO_COMMON_BLOCKS = YES;
				GCC_WARN_64_TO_32_BIT_CONVERSION = YES;
				GCC_WARN_ABOUT_RETURN_TYPE = YES_ERROR;
				GCC_WARN_UNDECLARED_SELECTOR = YES;
				GCC_WARN_UNINITIALIZED_AUTOS = YES_AGGRESSIVE;
				GCC_WARN_UNUSED_FUNCTION = YES;
				GCC_WARN_UNUSED_VARIABLE = YES;
				IPHONEOS_DEPLOYMENT_TARGET = 10.2;
				MTL_ENABLE_DEBUG_INFO = NO;
				SDKROOT = iphoneos;
				SWIFT_OPTIMIZATION_LEVEL = "-Owholemodule";
				TARGETED_DEVICE_FAMILY = "1,2";
				VALIDATE_PRODUCT = YES;
			};
			name = Release;
		};
		03DECE9C1E7B865100C6A92A /* Debug */ = {
			isa = XCBuildConfiguration;
			buildSettings = {
				ASSETCATALOG_COMPILER_APPICON_NAME = AppIcon;
				DEVELOPMENT_TEAM = 7RQ63Y5MYM;
				INFOPLIST_FILE = Calculator/Info.plist;
				LD_RUNPATH_SEARCH_PATHS = "$(inherited) @executable_path/Frameworks";
				PRODUCT_BUNDLE_IDENTIFIER = com.inamahmadzada.Calculator;
				PRODUCT_NAME = "$(TARGET_NAME)";
				SWIFT_VERSION = 3.0;
			};
			name = Debug;
		};
		03DECE9D1E7B865100C6A92A /* Release */ = {
			isa = XCBuildConfiguration;
			buildSettings = {
				ASSETCATALOG_COMPILER_APPICON_NAME = AppIcon;
				DEVELOPMENT_TEAM = 7RQ63Y5MYM;
				INFOPLIST_FILE = Calculator/Info.plist;
				LD_RUNPATH_SEARCH_PATHS = "$(inherited) @executable_path/Frameworks";
				PRODUCT_BUNDLE_IDENTIFIER = com.inamahmadzada.Calculator;
				PRODUCT_NAME = "$(TARGET_NAME)";
				SWIFT_VERSION = 3.0;
			};
			name = Release;
		};
/* End XCBuildConfiguration section */

/* Begin XCConfigurationList section */
		03DECE841E7B865100C6A92A /* Build configuration list for PBXProject "Calculator" */ = {
			isa = XCConfigurationList;
			buildConfigurations = (
				03DECE991E7B865100C6A92A /* Debug */,
				03DECE9A1E7B865100C6A92A /* Release */,
			);
			defaultConfigurationIsVisible = 0;
			defaultConfigurationName = Release;
		};
		03DECE9B1E7B865100C6A92A /* Build configuration list for PBXNativeTarget "Calculator" */ = {
			isa = XCConfigurationList;
			buildConfigurations = (
				03DECE9C1E7B865100C6A92A /* Debug */,
				03DECE9D1E7B865100C6A92A /* Release */,
			);
			defaultConfigurationIsVisible = 0;
			defaultConfigurationName = Release;
		};
/* End XCConfigurationList section */
	};
	rootObject = 03DECE811E7B865100C6A92A /* Project object */;
}
